// !$*UTF8*$!
{
	archiveVersion = 1;
	classes = {
	};
	objectVersion = 46;
	objects = {

/* Begin PBXBuildFile section */
		D618A5DB1BC5AE0100097647 /* SeeVideo.swift in Sources */ = {isa = PBXBuildFile; fileRef = D618A5DA1BC5AE0100097647 /* SeeVideo.swift */; };
		D62373721BC9148A0034EAF6 /* AppDelegate.swift in Sources */ = {isa = PBXBuildFile; fileRef = D62373711BC9148A0034EAF6 /* AppDelegate.swift */; };
		D62373741BC9148A0034EAF6 /* ViewController.swift in Sources */ = {isa = PBXBuildFile; fileRef = D62373731BC9148A0034EAF6 /* ViewController.swift */; };
		D62373771BC9148A0034EAF6 /* Main.storyboard in Resources */ = {isa = PBXBuildFile; fileRef = D62373751BC9148A0034EAF6 /* Main.storyboard */; };
		D623737A1BC9148A0034EAF6 /* YoupornVieweriOS.xcdatamodeld in Sources */ = {isa = PBXBuildFile; fileRef = D62373781BC9148A0034EAF6 /* YoupornVieweriOS.xcdatamodeld */; };
		D623737C1BC9148A0034EAF6 /* Assets.xcassets in Resources */ = {isa = PBXBuildFile; fileRef = D623737B1BC9148A0034EAF6 /* Assets.xcassets */; };
		D623737F1BC9148A0034EAF6 /* LaunchScreen.storyboard in Resources */ = {isa = PBXBuildFile; fileRef = D623737D1BC9148A0034EAF6 /* LaunchScreen.storyboard */; };
		D623738A1BC9148A0034EAF6 /* YoupornVieweriOSTests.swift in Sources */ = {isa = PBXBuildFile; fileRef = D62373891BC9148A0034EAF6 /* YoupornVieweriOSTests.swift */; };
		D62373951BC9148A0034EAF6 /* YoupornVieweriOSUITests.swift in Sources */ = {isa = PBXBuildFile; fileRef = D62373941BC9148A0034EAF6 /* YoupornVieweriOSUITests.swift */; };
		D62373A11BC915FD0034EAF6 /* VideoController.swift in Sources */ = {isa = PBXBuildFile; fileRef = D62373A01BC915FD0034EAF6 /* VideoController.swift */; };
		D62373A31BC916070034EAF6 /* SeeVideo.swift in Sources */ = {isa = PBXBuildFile; fileRef = D62373A21BC916070034EAF6 /* SeeVideo.swift */; };
		D6805F1A1BF4E5420021663D /* AppDelegate.swift in Sources */ = {isa = PBXBuildFile; fileRef = D6805F191BF4E5420021663D /* AppDelegate.swift */; };
		D6805F1C1BF4E5420021663D /* ViewController.swift in Sources */ = {isa = PBXBuildFile; fileRef = D6805F1B1BF4E5420021663D /* ViewController.swift */; };
		D6805F1E1BF4E5420021663D /* Assets.xcassets in Resources */ = {isa = PBXBuildFile; fileRef = D6805F1D1BF4E5420021663D /* Assets.xcassets */; };
		D6805F211BF4E5420021663D /* Main.storyboard in Resources */ = {isa = PBXBuildFile; fileRef = D6805F1F1BF4E5420021663D /* Main.storyboard */; };
		D6805F271BF4F0410021663D /* ImageNotfound2.png in Resources */ = {isa = PBXBuildFile; fileRef = D6805F261BF4F0410021663D /* ImageNotfound2.png */; };
		D6805F291BF504E90021663D /* VideoController.swift in Sources */ = {isa = PBXBuildFile; fileRef = D6805F281BF504E90021663D /* VideoController.swift */; };
		D6805F2B1BF504F50021663D /* SeeVideo.swift in Sources */ = {isa = PBXBuildFile; fileRef = D6805F2A1BF504F50021663D /* SeeVideo.swift */; };
		D69BCD761BC1B8C500B4B98C /* AppDelegate.swift in Sources */ = {isa = PBXBuildFile; fileRef = D69BCD751BC1B8C500B4B98C /* AppDelegate.swift */; };
		D69BCD781BC1B8C500B4B98C /* ViewController.swift in Sources */ = {isa = PBXBuildFile; fileRef = D69BCD771BC1B8C500B4B98C /* ViewController.swift */; };
		D69BCD7B1BC1B8C500B4B98C /* YoupornViewer.xcdatamodeld in Sources */ = {isa = PBXBuildFile; fileRef = D69BCD791BC1B8C500B4B98C /* YoupornViewer.xcdatamodeld */; };
		D69BCD7E1BC1B8C500B4B98C /* Main.storyboard in Resources */ = {isa = PBXBuildFile; fileRef = D69BCD7C1BC1B8C500B4B98C /* Main.storyboard */; };
		D69BCD801BC1B8C600B4B98C /* Assets.xcassets in Resources */ = {isa = PBXBuildFile; fileRef = D69BCD7F1BC1B8C600B4B98C /* Assets.xcassets */; };
		D69BCD8B1BC1B8C600B4B98C /* YoupornViewerTests.swift in Sources */ = {isa = PBXBuildFile; fileRef = D69BCD8A1BC1B8C600B4B98C /* YoupornViewerTests.swift */; };
		D69BCD961BC1B8C600B4B98C /* YoupornViewerUITests.swift in Sources */ = {isa = PBXBuildFile; fileRef = D69BCD951BC1B8C600B4B98C /* YoupornViewerUITests.swift */; };
		D69BCDA41BC1D01A00B4B98C /* VideoController.swift in Sources */ = {isa = PBXBuildFile; fileRef = D69BCDA31BC1D01A00B4B98C /* VideoController.swift */; };
		D6AF5E041BF112FE00581B55 /* ImageNotfound.png in Resources */ = {isa = PBXBuildFile; fileRef = D6AF5E031BF112FE00581B55 /* ImageNotfound.png */; };
		D6AF5E061BF11B5000581B55 /* ImageNotfound1.png in Resources */ = {isa = PBXBuildFile; fileRef = D6AF5E051BF11B5000581B55 /* ImageNotfound1.png */; };
/* End PBXBuildFile section */

/* Begin PBXContainerItemProxy section */
		D62373861BC9148A0034EAF6 /* PBXContainerItemProxy */ = {
			isa = PBXContainerItemProxy;
			containerPortal = D69BCD6A1BC1B8C500B4B98C /* Project object */;
			proxyType = 1;
			remoteGlobalIDString = D623736E1BC9148A0034EAF6;
			remoteInfo = YoupornVieweriOS;
		};
		D62373911BC9148A0034EAF6 /* PBXContainerItemProxy */ = {
			isa = PBXContainerItemProxy;
			containerPortal = D69BCD6A1BC1B8C500B4B98C /* Project object */;
			proxyType = 1;
			remoteGlobalIDString = D623736E1BC9148A0034EAF6;
			remoteInfo = YoupornVieweriOS;
		};
		D69BCD871BC1B8C600B4B98C /* PBXContainerItemProxy */ = {
			isa = PBXContainerItemProxy;
			containerPortal = D69BCD6A1BC1B8C500B4B98C /* Project object */;
			proxyType = 1;
			remoteGlobalIDString = D69BCD711BC1B8C500B4B98C;
			remoteInfo = YoupornViewer;
		};
		D69BCD921BC1B8C600B4B98C /* PBXContainerItemProxy */ = {
			isa = PBXContainerItemProxy;
			containerPortal = D69BCD6A1BC1B8C500B4B98C /* Project object */;
			proxyType = 1;
			remoteGlobalIDString = D69BCD711BC1B8C500B4B98C;
			remoteInfo = YoupornViewer;
		};
/* End PBXContainerItemProxy section */

/* Begin PBXFileReference section */
		D618A5DA1BC5AE0100097647 /* SeeVideo.swift */ = {isa = PBXFileReference; fileEncoding = 4; lastKnownFileType = sourcecode.swift; path = SeeVideo.swift; sourceTree = "<group>"; };
		D623736F1BC9148A0034EAF6 /* YoupornVieweriOS.app */ = {isa = PBXFileReference; explicitFileType = wrapper.application; includeInIndex = 0; path = YoupornVieweriOS.app; sourceTree = BUILT_PRODUCTS_DIR; };
		D62373711BC9148A0034EAF6 /* AppDelegate.swift */ = {isa = PBXFileReference; lastKnownFileType = sourcecode.swift; path = AppDelegate.swift; sourceTree = "<group>"; };
		D62373731BC9148A0034EAF6 /* ViewController.swift */ = {isa = PBXFileReference; lastKnownFileType = sourcecode.swift; path = ViewController.swift; sourceTree = "<group>"; };
		D62373761BC9148A0034EAF6 /* Base */ = {isa = PBXFileReference; lastKnownFileType = file.storyboard; name = Base; path = Base.lproj/Main.storyboard; sourceTree = "<group>"; };
		D62373791BC9148A0034EAF6 /* YoupornVieweriOS.xcdatamodel */ = {isa = PBXFileReference; lastKnownFileType = wrapper.xcdatamodel; path = YoupornVieweriOS.xcdatamodel; sourceTree = "<group>"; };
		D623737B1BC9148A0034EAF6 /* Assets.xcassets */ = {isa = PBXFileReference; lastKnownFileType = folder.assetcatalog; path = Assets.xcassets; sourceTree = "<group>"; };
		D623737E1BC9148A0034EAF6 /* Base */ = {isa = PBXFileReference; lastKnownFileType = file.storyboard; name = Base; path = Base.lproj/LaunchScreen.storyboard; sourceTree = "<group>"; };
		D62373801BC9148A0034EAF6 /* Info.plist */ = {isa = PBXFileReference; lastKnownFileType = text.plist.xml; path = Info.plist; sourceTree = "<group>"; };
		D62373851BC9148A0034EAF6 /* YoupornVieweriOSTests.xctest */ = {isa = PBXFileReference; explicitFileType = wrapper.cfbundle; includeInIndex = 0; path = YoupornVieweriOSTests.xctest; sourceTree = BUILT_PRODUCTS_DIR; };
		D62373891BC9148A0034EAF6 /* YoupornVieweriOSTests.swift */ = {isa = PBXFileReference; lastKnownFileType = sourcecode.swift; path = YoupornVieweriOSTests.swift; sourceTree = "<group>"; };
		D623738B1BC9148A0034EAF6 /* Info.plist */ = {isa = PBXFileReference; lastKnownFileType = text.plist.xml; path = Info.plist; sourceTree = "<group>"; };
		D62373901BC9148A0034EAF6 /* YoupornVieweriOSUITests.xctest */ = {isa = PBXFileReference; explicitFileType = wrapper.cfbundle; includeInIndex = 0; path = YoupornVieweriOSUITests.xctest; sourceTree = BUILT_PRODUCTS_DIR; };
		D62373941BC9148A0034EAF6 /* YoupornVieweriOSUITests.swift */ = {isa = PBXFileReference; lastKnownFileType = sourcecode.swift; path = YoupornVieweriOSUITests.swift; sourceTree = "<group>"; };
		D62373961BC9148A0034EAF6 /* Info.plist */ = {isa = PBXFileReference; lastKnownFileType = text.plist.xml; path = Info.plist; sourceTree = "<group>"; };
		D62373A01BC915FD0034EAF6 /* VideoController.swift */ = {isa = PBXFileReference; fileEncoding = 4; lastKnownFileType = sourcecode.swift; path = VideoController.swift; sourceTree = "<group>"; };
		D62373A21BC916070034EAF6 /* SeeVideo.swift */ = {isa = PBXFileReference; fileEncoding = 4; lastKnownFileType = sourcecode.swift; path = SeeVideo.swift; sourceTree = "<group>"; };
		D6805F171BF4E5420021663D /* YoupornViewerOSX.app */ = {isa = PBXFileReference; explicitFileType = wrapper.application; includeInIndex = 0; path = YoupornViewerOSX.app; sourceTree = BUILT_PRODUCTS_DIR; };
		D6805F191BF4E5420021663D /* AppDelegate.swift */ = {isa = PBXFileReference; lastKnownFileType = sourcecode.swift; path = AppDelegate.swift; sourceTree = "<group>"; };
		D6805F1B1BF4E5420021663D /* ViewController.swift */ = {isa = PBXFileReference; lastKnownFileType = sourcecode.swift; path = ViewController.swift; sourceTree = "<group>"; };
		D6805F1D1BF4E5420021663D /* Assets.xcassets */ = {isa = PBXFileReference; lastKnownFileType = folder.assetcatalog; path = Assets.xcassets; sourceTree = "<group>"; };
		D6805F201BF4E5420021663D /* Base */ = {isa = PBXFileReference; lastKnownFileType = file.storyboard; name = Base; path = Base.lproj/Main.storyboard; sourceTree = "<group>"; };
		D6805F221BF4E5420021663D /* Info.plist */ = {isa = PBXFileReference; lastKnownFileType = text.plist.xml; path = Info.plist; sourceTree = "<group>"; };
		D6805F261BF4F0410021663D /* ImageNotfound2.png */ = {isa = PBXFileReference; lastKnownFileType = image.png; path = ImageNotfound2.png; sourceTree = "<group>"; };
		D6805F281BF504E90021663D /* VideoController.swift */ = {isa = PBXFileReference; fileEncoding = 4; lastKnownFileType = sourcecode.swift; path = VideoController.swift; sourceTree = "<group>"; };
		D6805F2A1BF504F50021663D /* SeeVideo.swift */ = {isa = PBXFileReference; fileEncoding = 4; lastKnownFileType = sourcecode.swift; path = SeeVideo.swift; sourceTree = "<group>"; };
		D69BCD721BC1B8C500B4B98C /* YoupornViewer.app */ = {isa = PBXFileReference; explicitFileType = wrapper.application; includeInIndex = 0; path = YoupornViewer.app; sourceTree = BUILT_PRODUCTS_DIR; };
		D69BCD751BC1B8C500B4B98C /* AppDelegate.swift */ = {isa = PBXFileReference; lastKnownFileType = sourcecode.swift; path = AppDelegate.swift; sourceTree = "<group>"; };
		D69BCD771BC1B8C500B4B98C /* ViewController.swift */ = {isa = PBXFileReference; lastKnownFileType = sourcecode.swift; path = ViewController.swift; sourceTree = "<group>"; };
		D69BCD7A1BC1B8C500B4B98C /* YoupornViewer.xcdatamodel */ = {isa = PBXFileReference; lastKnownFileType = wrapper.xcdatamodel; path = YoupornViewer.xcdatamodel; sourceTree = "<group>"; };
		D69BCD7D1BC1B8C500B4B98C /* Base */ = {isa = PBXFileReference; lastKnownFileType = file.storyboard; name = Base; path = Base.lproj/Main.storyboard; sourceTree = "<group>"; };
		D69BCD7F1BC1B8C600B4B98C /* Assets.xcassets */ = {isa = PBXFileReference; lastKnownFileType = folder.assetcatalog; path = Assets.xcassets; sourceTree = "<group>"; };
		D69BCD811BC1B8C600B4B98C /* Info.plist */ = {isa = PBXFileReference; lastKnownFileType = text.plist.xml; path = Info.plist; sourceTree = "<group>"; };
		D69BCD861BC1B8C600B4B98C /* YoupornViewerTests.xctest */ = {isa = PBXFileReference; explicitFileType = wrapper.cfbundle; includeInIndex = 0; path = YoupornViewerTests.xctest; sourceTree = BUILT_PRODUCTS_DIR; };
		D69BCD8A1BC1B8C600B4B98C /* YoupornViewerTests.swift */ = {isa = PBXFileReference; lastKnownFileType = sourcecode.swift; path = YoupornViewerTests.swift; sourceTree = "<group>"; };
		D69BCD8C1BC1B8C600B4B98C /* Info.plist */ = {isa = PBXFileReference; lastKnownFileType = text.plist.xml; path = Info.plist; sourceTree = "<group>"; };
		D69BCD911BC1B8C600B4B98C /* YoupornViewerUITests.xctest */ = {isa = PBXFileReference; explicitFileType = wrapper.cfbundle; includeInIndex = 0; path = YoupornViewerUITests.xctest; sourceTree = BUILT_PRODUCTS_DIR; };
		D69BCD951BC1B8C600B4B98C /* YoupornViewerUITests.swift */ = {isa = PBXFileReference; lastKnownFileType = sourcecode.swift; path = YoupornViewerUITests.swift; sourceTree = "<group>"; };
		D69BCD971BC1B8C600B4B98C /* Info.plist */ = {isa = PBXFileReference; lastKnownFileType = text.plist.xml; path = Info.plist; sourceTree = "<group>"; };
		D69BCDA31BC1D01A00B4B98C /* VideoController.swift */ = {isa = PBXFileReference; fileEncoding = 4; lastKnownFileType = sourcecode.swift; path = VideoController.swift; sourceTree = "<group>"; };
		D6AF5E031BF112FE00581B55 /* ImageNotfound.png */ = {isa = PBXFileReference; lastKnownFileType = image.png; path = ImageNotfound.png; sourceTree = "<group>"; };
		D6AF5E051BF11B5000581B55 /* ImageNotfound1.png */ = {isa = PBXFileReference; lastKnownFileType = image.png; path = ImageNotfound1.png; sourceTree = "<group>"; };
/* End PBXFileReference section */

/* Begin PBXFrameworksBuildPhase section */
		D623736C1BC9148A0034EAF6 /* Frameworks */ = {
			isa = PBXFrameworksBuildPhase;
			buildActionMask = 2147483647;
			files = (
			);
			runOnlyForDeploymentPostprocessing = 0;
		};
		D62373821BC9148A0034EAF6 /* Frameworks */ = {
			isa = PBXFrameworksBuildPhase;
			buildActionMask = 2147483647;
			files = (
			);
			runOnlyForDeploymentPostprocessing = 0;
		};
		D623738D1BC9148A0034EAF6 /* Frameworks */ = {
			isa = PBXFrameworksBuildPhase;
			buildActionMask = 2147483647;
			files = (
			);
			runOnlyForDeploymentPostprocessing = 0;
		};
		D6805F141BF4E5420021663D /* Frameworks */ = {
			isa = PBXFrameworksBuildPhase;
			buildActionMask = 2147483647;
			files = (
			);
			runOnlyForDeploymentPostprocessing = 0;
		};
		D69BCD6F1BC1B8C500B4B98C /* Frameworks */ = {
			isa = PBXFrameworksBuildPhase;
			buildActionMask = 2147483647;
			files = (
			);
			runOnlyForDeploymentPostprocessing = 0;
		};
		D69BCD831BC1B8C600B4B98C /* Frameworks */ = {
			isa = PBXFrameworksBuildPhase;
			buildActionMask = 2147483647;
			files = (
			);
			runOnlyForDeploymentPostprocessing = 0;
		};
		D69BCD8E1BC1B8C600B4B98C /* Frameworks */ = {
			isa = PBXFrameworksBuildPhase;
			buildActionMask = 2147483647;
			files = (
			);
			runOnlyForDeploymentPostprocessing = 0;
		};
/* End PBXFrameworksBuildPhase section */

/* Begin PBXGroup section */
		D62373701BC9148A0034EAF6 /* YoupornVieweriOS */ = {
			isa = PBXGroup;
			children = (
				D6AF5E051BF11B5000581B55 /* ImageNotfound1.png */,
				D62373711BC9148A0034EAF6 /* AppDelegate.swift */,
				D62373731BC9148A0034EAF6 /* ViewController.swift */,
				D62373751BC9148A0034EAF6 /* Main.storyboard */,
				D623737B1BC9148A0034EAF6 /* Assets.xcassets */,
				D623737D1BC9148A0034EAF6 /* LaunchScreen.storyboard */,
				D62373801BC9148A0034EAF6 /* Info.plist */,
				D62373781BC9148A0034EAF6 /* YoupornVieweriOS.xcdatamodeld */,
				D62373A01BC915FD0034EAF6 /* VideoController.swift */,
				D62373A21BC916070034EAF6 /* SeeVideo.swift */,
			);
			path = YoupornVieweriOS;
			sourceTree = "<group>";
		};
		D62373881BC9148A0034EAF6 /* YoupornVieweriOSTests */ = {
			isa = PBXGroup;
			children = (
				D62373891BC9148A0034EAF6 /* YoupornVieweriOSTests.swift */,
				D623738B1BC9148A0034EAF6 /* Info.plist */,
			);
			path = YoupornVieweriOSTests;
			sourceTree = "<group>";
		};
		D62373931BC9148A0034EAF6 /* YoupornVieweriOSUITests */ = {
			isa = PBXGroup;
			children = (
				D62373941BC9148A0034EAF6 /* YoupornVieweriOSUITests.swift */,
				D62373961BC9148A0034EAF6 /* Info.plist */,
			);
			path = YoupornVieweriOSUITests;
			sourceTree = "<group>";
		};
		D6805F181BF4E5420021663D /* YoupornViewerOSX */ = {
			isa = PBXGroup;
			children = (
				D6805F261BF4F0410021663D /* ImageNotfound2.png */,
				D6805F191BF4E5420021663D /* AppDelegate.swift */,
				D6805F1B1BF4E5420021663D /* ViewController.swift */,
				D6805F1D1BF4E5420021663D /* Assets.xcassets */,
				D6805F1F1BF4E5420021663D /* Main.storyboard */,
				D6805F221BF4E5420021663D /* Info.plist */,
				D6805F281BF504E90021663D /* VideoController.swift */,
				D6805F2A1BF504F50021663D /* SeeVideo.swift */,
			);
			path = YoupornViewerOSX;
			sourceTree = "<group>";
		};
		D69BCD691BC1B8C500B4B98C = {
			isa = PBXGroup;
			children = (
				D69BCD741BC1B8C500B4B98C /* YoupornViewer */,
				D69BCD891BC1B8C600B4B98C /* YoupornViewerTests */,
				D69BCD941BC1B8C600B4B98C /* YoupornViewerUITests */,
				D62373701BC9148A0034EAF6 /* YoupornVieweriOS */,
				D62373881BC9148A0034EAF6 /* YoupornVieweriOSTests */,
				D62373931BC9148A0034EAF6 /* YoupornVieweriOSUITests */,
				D6805F181BF4E5420021663D /* YoupornViewerOSX */,
				D69BCD731BC1B8C500B4B98C /* Products */,
			);
			sourceTree = "<group>";
		};
		D69BCD731BC1B8C500B4B98C /* Products */ = {
			isa = PBXGroup;
			children = (
				D69BCD721BC1B8C500B4B98C /* YoupornViewer.app */,
				D69BCD861BC1B8C600B4B98C /* YoupornViewerTests.xctest */,
				D69BCD911BC1B8C600B4B98C /* YoupornViewerUITests.xctest */,
				D623736F1BC9148A0034EAF6 /* YoupornVieweriOS.app */,
				D62373851BC9148A0034EAF6 /* YoupornVieweriOSTests.xctest */,
				D62373901BC9148A0034EAF6 /* YoupornVieweriOSUITests.xctest */,
				D6805F171BF4E5420021663D /* YoupornViewerOSX.app */,
			);
			name = Products;
			sourceTree = "<group>";
		};
		D69BCD741BC1B8C500B4B98C /* YoupornViewer */ = {
			isa = PBXGroup;
			children = (
				D6AF5E031BF112FE00581B55 /* ImageNotfound.png */,
				D69BCD751BC1B8C500B4B98C /* AppDelegate.swift */,
				D69BCD771BC1B8C500B4B98C /* ViewController.swift */,
				D69BCD7C1BC1B8C500B4B98C /* Main.storyboard */,
				D69BCD7F1BC1B8C600B4B98C /* Assets.xcassets */,
				D69BCD811BC1B8C600B4B98C /* Info.plist */,
				D69BCD791BC1B8C500B4B98C /* YoupornViewer.xcdatamodeld */,
				D69BCDA31BC1D01A00B4B98C /* VideoController.swift */,
				D618A5DA1BC5AE0100097647 /* SeeVideo.swift */,
			);
			path = YoupornViewer;
			sourceTree = "<group>";
		};
		D69BCD891BC1B8C600B4B98C /* YoupornViewerTests */ = {
			isa = PBXGroup;
			children = (
				D69BCD8A1BC1B8C600B4B98C /* YoupornViewerTests.swift */,
				D69BCD8C1BC1B8C600B4B98C /* Info.plist */,
			);
			path = YoupornViewerTests;
			sourceTree = "<group>";
		};
		D69BCD941BC1B8C600B4B98C /* YoupornViewerUITests */ = {
			isa = PBXGroup;
			children = (
				D69BCD951BC1B8C600B4B98C /* YoupornViewerUITests.swift */,
				D69BCD971BC1B8C600B4B98C /* Info.plist */,
			);
			path = YoupornViewerUITests;
			sourceTree = "<group>";
		};
/* End PBXGroup section */

/* Begin PBXNativeTarget section */
		D623736E1BC9148A0034EAF6 /* YoupornVieweriOS */ = {
			isa = PBXNativeTarget;
			buildConfigurationList = D623739D1BC9148A0034EAF6 /* Build configuration list for PBXNativeTarget "YoupornVieweriOS" */;
			buildPhases = (
				D623736B1BC9148A0034EAF6 /* Sources */,
				D623736C1BC9148A0034EAF6 /* Frameworks */,
				D623736D1BC9148A0034EAF6 /* Resources */,
			);
			buildRules = (
			);
			dependencies = (
			);
			name = YoupornVieweriOS;
			productName = YoupornVieweriOS;
			productReference = D623736F1BC9148A0034EAF6 /* YoupornVieweriOS.app */;
			productType = "com.apple.product-type.application";
		};
		D62373841BC9148A0034EAF6 /* YoupornVieweriOSTests */ = {
			isa = PBXNativeTarget;
			buildConfigurationList = D623739E1BC9148A0034EAF6 /* Build configuration list for PBXNativeTarget "YoupornVieweriOSTests" */;
			buildPhases = (
				D62373811BC9148A0034EAF6 /* Sources */,
				D62373821BC9148A0034EAF6 /* Frameworks */,
				D62373831BC9148A0034EAF6 /* Resources */,
			);
			buildRules = (
			);
			dependencies = (
				D62373871BC9148A0034EAF6 /* PBXTargetDependency */,
			);
			name = YoupornVieweriOSTests;
			productName = YoupornVieweriOSTests;
			productReference = D62373851BC9148A0034EAF6 /* YoupornVieweriOSTests.xctest */;
			productType = "com.apple.product-type.bundle.unit-test";
		};
		D623738F1BC9148A0034EAF6 /* YoupornVieweriOSUITests */ = {
			isa = PBXNativeTarget;
			buildConfigurationList = D623739F1BC9148A0034EAF6 /* Build configuration list for PBXNativeTarget "YoupornVieweriOSUITests" */;
			buildPhases = (
				D623738C1BC9148A0034EAF6 /* Sources */,
				D623738D1BC9148A0034EAF6 /* Frameworks */,
				D623738E1BC9148A0034EAF6 /* Resources */,
			);
			buildRules = (
			);
			dependencies = (
				D62373921BC9148A0034EAF6 /* PBXTargetDependency */,
			);
			name = YoupornVieweriOSUITests;
			productName = YoupornVieweriOSUITests;
			productReference = D62373901BC9148A0034EAF6 /* YoupornVieweriOSUITests.xctest */;
			productType = "com.apple.product-type.bundle.ui-testing";
		};
		D6805F161BF4E5420021663D /* YoupornViewerOSX */ = {
			isa = PBXNativeTarget;
			buildConfigurationList = D6805F251BF4E5420021663D /* Build configuration list for PBXNativeTarget "YoupornViewerOSX" */;
			buildPhases = (
				D6805F131BF4E5420021663D /* Sources */,
				D6805F141BF4E5420021663D /* Frameworks */,
				D6805F151BF4E5420021663D /* Resources */,
			);
			buildRules = (
			);
			dependencies = (
			);
			name = YoupornViewerOSX;
			productName = YoupornViewerOSX;
			productReference = D6805F171BF4E5420021663D /* YoupornViewerOSX.app */;
			productType = "com.apple.product-type.application";
		};
		D69BCD711BC1B8C500B4B98C /* YoupornViewer */ = {
			isa = PBXNativeTarget;
			buildConfigurationList = D69BCD9A1BC1B8C600B4B98C /* Build configuration list for PBXNativeTarget "YoupornViewer" */;
			buildPhases = (
				D69BCD6E1BC1B8C500B4B98C /* Sources */,
				D69BCD6F1BC1B8C500B4B98C /* Frameworks */,
				D69BCD701BC1B8C500B4B98C /* Resources */,
			);
			buildRules = (
			);
			dependencies = (
			);
			name = YoupornViewer;
			productName = YoupornViewer;
			productReference = D69BCD721BC1B8C500B4B98C /* YoupornViewer.app */;
			productType = "com.apple.product-type.application";
		};
		D69BCD851BC1B8C600B4B98C /* YoupornViewerTests */ = {
			isa = PBXNativeTarget;
			buildConfigurationList = D69BCD9D1BC1B8C600B4B98C /* Build configuration list for PBXNativeTarget "YoupornViewerTests" */;
			buildPhases = (
				D69BCD821BC1B8C600B4B98C /* Sources */,
				D69BCD831BC1B8C600B4B98C /* Frameworks */,
				D69BCD841BC1B8C600B4B98C /* Resources */,
			);
			buildRules = (
			);
			dependencies = (
				D69BCD881BC1B8C600B4B98C /* PBXTargetDependency */,
			);
			name = YoupornViewerTests;
			productName = YoupornViewerTests;
			productReference = D69BCD861BC1B8C600B4B98C /* YoupornViewerTests.xctest */;
			productType = "com.apple.product-type.bundle.unit-test";
		};
		D69BCD901BC1B8C600B4B98C /* YoupornViewerUITests */ = {
			isa = PBXNativeTarget;
			buildConfigurationList = D69BCDA01BC1B8C600B4B98C /* Build configuration list for PBXNativeTarget "YoupornViewerUITests" */;
			buildPhases = (
				D69BCD8D1BC1B8C600B4B98C /* Sources */,
				D69BCD8E1BC1B8C600B4B98C /* Frameworks */,
				D69BCD8F1BC1B8C600B4B98C /* Resources */,
			);
			buildRules = (
			);
			dependencies = (
				D69BCD931BC1B8C600B4B98C /* PBXTargetDependency */,
			);
			name = YoupornViewerUITests;
			productName = YoupornViewerUITests;
			productReference = D69BCD911BC1B8C600B4B98C /* YoupornViewerUITests.xctest */;
			productType = "com.apple.product-type.bundle.ui-testing";
		};
/* End PBXNativeTarget section */

/* Begin PBXProject section */
		D69BCD6A1BC1B8C500B4B98C /* Project object */ = {
			isa = PBXProject;
			attributes = {
				LastSwiftUpdateCheck = 0710;
				LastUpgradeCheck = 0920;
				ORGANIZATIONNAME = "fabrizio chimienti";
				TargetAttributes = {
					D623736E1BC9148A0034EAF6 = {
						CreatedOnToolsVersion = 7.1;
					};
					D62373841BC9148A0034EAF6 = {
						CreatedOnToolsVersion = 7.1;
						TestTargetID = D623736E1BC9148A0034EAF6;
					};
					D623738F1BC9148A0034EAF6 = {
						CreatedOnToolsVersion = 7.1;
						TestTargetID = D623736E1BC9148A0034EAF6;
					};
					D6805F161BF4E5420021663D = {
						CreatedOnToolsVersion = 7.1.1;
					};
					D69BCD711BC1B8C500B4B98C = {
						CreatedOnToolsVersion = 7.1;
						DevelopmentTeam = LLNSXF9WW4;
						LastSwiftMigration = 0920;
					};
					D69BCD851BC1B8C600B4B98C = {
						CreatedOnToolsVersion = 7.1;
						LastSwiftMigration = 0920;
						TestTargetID = D69BCD711BC1B8C500B4B98C;
					};
					D69BCD901BC1B8C600B4B98C = {
						CreatedOnToolsVersion = 7.1;
						LastSwiftMigration = 0920;
						TestTargetID = D69BCD711BC1B8C500B4B98C;
					};
				};
			};
			buildConfigurationList = D69BCD6D1BC1B8C500B4B98C /* Build configuration list for PBXProject "YoupornViewer" */;
			compatibilityVersion = "Xcode 3.2";
			developmentRegion = English;
			hasScannedForEncodings = 0;
			knownRegions = (
				en,
				Base,
			);
			mainGroup = D69BCD691BC1B8C500B4B98C;
			productRefGroup = D69BCD731BC1B8C500B4B98C /* Products */;
			projectDirPath = "";
			projectRoot = "";
			targets = (
				D69BCD711BC1B8C500B4B98C /* YoupornViewer */,
				D69BCD851BC1B8C600B4B98C /* YoupornViewerTests */,
				D69BCD901BC1B8C600B4B98C /* YoupornViewerUITests */,
				D623736E1BC9148A0034EAF6 /* YoupornVieweriOS */,
				D62373841BC9148A0034EAF6 /* YoupornVieweriOSTests */,
				D623738F1BC9148A0034EAF6 /* YoupornVieweriOSUITests */,
				D6805F161BF4E5420021663D /* YoupornViewerOSX */,
			);
		};
/* End PBXProject section */

/* Begin PBXResourcesBuildPhase section */
		D623736D1BC9148A0034EAF6 /* Resources */ = {
			isa = PBXResourcesBuildPhase;
			buildActionMask = 2147483647;
			files = (
				D623737F1BC9148A0034EAF6 /* LaunchScreen.storyboard in Resources */,
				D623737C1BC9148A0034EAF6 /* Assets.xcassets in Resources */,
				D6AF5E061BF11B5000581B55 /* ImageNotfound1.png in Resources */,
				D62373771BC9148A0034EAF6 /* Main.storyboard in Resources */,
			);
			runOnlyForDeploymentPostprocessing = 0;
		};
		D62373831BC9148A0034EAF6 /* Resources */ = {
			isa = PBXResourcesBuildPhase;
			buildActionMask = 2147483647;
			files = (
			);
			runOnlyForDeploymentPostprocessing = 0;
		};
		D623738E1BC9148A0034EAF6 /* Resources */ = {
			isa = PBXResourcesBuildPhase;
			buildActionMask = 2147483647;
			files = (
			);
			runOnlyForDeploymentPostprocessing = 0;
		};
		D6805F151BF4E5420021663D /* Resources */ = {
			isa = PBXResourcesBuildPhase;
			buildActionMask = 2147483647;
			files = (
				D6805F1E1BF4E5420021663D /* Assets.xcassets in Resources */,
				D6805F211BF4E5420021663D /* Main.storyboard in Resources */,
				D6805F271BF4F0410021663D /* ImageNotfound2.png in Resources */,
			);
			runOnlyForDeploymentPostprocessing = 0;
		};
		D69BCD701BC1B8C500B4B98C /* Resources */ = {
			isa = PBXResourcesBuildPhase;
			buildActionMask = 2147483647;
			files = (
				D69BCD801BC1B8C600B4B98C /* Assets.xcassets in Resources */,
				D6AF5E041BF112FE00581B55 /* ImageNotfound.png in Resources */,
				D69BCD7E1BC1B8C500B4B98C /* Main.storyboard in Resources */,
			);
			runOnlyForDeploymentPostprocessing = 0;
		};
		D69BCD841BC1B8C600B4B98C /* Resources */ = {
			isa = PBXResourcesBuildPhase;
			buildActionMask = 2147483647;
			files = (
			);
			runOnlyForDeploymentPostprocessing = 0;
		};
		D69BCD8F1BC1B8C600B4B98C /* Resources */ = {
			isa = PBXResourcesBuildPhase;
			buildActionMask = 2147483647;
			files = (
			);
			runOnlyForDeploymentPostprocessing = 0;
		};
/* End PBXResourcesBuildPhase section */

/* Begin PBXSourcesBuildPhase section */
		D623736B1BC9148A0034EAF6 /* Sources */ = {
			isa = PBXSourcesBuildPhase;
			buildActionMask = 2147483647;
			files = (
				D62373A31BC916070034EAF6 /* SeeVideo.swift in Sources */,
				D623737A1BC9148A0034EAF6 /* YoupornVieweriOS.xcdatamodeld in Sources */,
				D62373741BC9148A0034EAF6 /* ViewController.swift in Sources */,
				D62373721BC9148A0034EAF6 /* AppDelegate.swift in Sources */,
				D62373A11BC915FD0034EAF6 /* VideoController.swift in Sources */,
			);
			runOnlyForDeploymentPostprocessing = 0;
		};
		D62373811BC9148A0034EAF6 /* Sources */ = {
			isa = PBXSourcesBuildPhase;
			buildActionMask = 2147483647;
			files = (
				D623738A1BC9148A0034EAF6 /* YoupornVieweriOSTests.swift in Sources */,
			);
			runOnlyForDeploymentPostprocessing = 0;
		};
		D623738C1BC9148A0034EAF6 /* Sources */ = {
			isa = PBXSourcesBuildPhase;
			buildActionMask = 2147483647;
			files = (
				D62373951BC9148A0034EAF6 /* YoupornVieweriOSUITests.swift in Sources */,
			);
			runOnlyForDeploymentPostprocessing = 0;
		};
		D6805F131BF4E5420021663D /* Sources */ = {
			isa = PBXSourcesBuildPhase;
			buildActionMask = 2147483647;
			files = (
				D6805F1C1BF4E5420021663D /* ViewController.swift in Sources */,
				D6805F2B1BF504F50021663D /* SeeVideo.swift in Sources */,
				D6805F291BF504E90021663D /* VideoController.swift in Sources */,
				D6805F1A1BF4E5420021663D /* AppDelegate.swift in Sources */,
			);
			runOnlyForDeploymentPostprocessing = 0;
		};
		D69BCD6E1BC1B8C500B4B98C /* Sources */ = {
			isa = PBXSourcesBuildPhase;
			buildActionMask = 2147483647;
			files = (
				D618A5DB1BC5AE0100097647 /* SeeVideo.swift in Sources */,
				D69BCD7B1BC1B8C500B4B98C /* YoupornViewer.xcdatamodeld in Sources */,
				D69BCD781BC1B8C500B4B98C /* ViewController.swift in Sources */,
				D69BCD761BC1B8C500B4B98C /* AppDelegate.swift in Sources */,
				D69BCDA41BC1D01A00B4B98C /* VideoController.swift in Sources */,
			);
			runOnlyForDeploymentPostprocessing = 0;
		};
		D69BCD821BC1B8C600B4B98C /* Sources */ = {
			isa = PBXSourcesBuildPhase;
			buildActionMask = 2147483647;
			files = (
				D69BCD8B1BC1B8C600B4B98C /* YoupornViewerTests.swift in Sources */,
			);
			runOnlyForDeploymentPostprocessing = 0;
		};
		D69BCD8D1BC1B8C600B4B98C /* Sources */ = {
			isa = PBXSourcesBuildPhase;
			buildActionMask = 2147483647;
			files = (
				D69BCD961BC1B8C600B4B98C /* YoupornViewerUITests.swift in Sources */,
			);
			runOnlyForDeploymentPostprocessing = 0;
		};
/* End PBXSourcesBuildPhase section */

/* Begin PBXTargetDependency section */
		D62373871BC9148A0034EAF6 /* PBXTargetDependency */ = {
			isa = PBXTargetDependency;
			target = D623736E1BC9148A0034EAF6 /* YoupornVieweriOS */;
			targetProxy = D62373861BC9148A0034EAF6 /* PBXContainerItemProxy */;
		};
		D62373921BC9148A0034EAF6 /* PBXTargetDependency */ = {
			isa = PBXTargetDependency;
			target = D623736E1BC9148A0034EAF6 /* YoupornVieweriOS */;
			targetProxy = D62373911BC9148A0034EAF6 /* PBXContainerItemProxy */;
		};
		D69BCD881BC1B8C600B4B98C /* PBXTargetDependency */ = {
			isa = PBXTargetDependency;
			target = D69BCD711BC1B8C500B4B98C /* YoupornViewer */;
			targetProxy = D69BCD871BC1B8C600B4B98C /* PBXContainerItemProxy */;
		};
		D69BCD931BC1B8C600B4B98C /* PBXTargetDependency */ = {
			isa = PBXTargetDependency;
			target = D69BCD711BC1B8C500B4B98C /* YoupornViewer */;
			targetProxy = D69BCD921BC1B8C600B4B98C /* PBXContainerItemProxy */;
		};
/* End PBXTargetDependency section */

/* Begin PBXVariantGroup section */
		D62373751BC9148A0034EAF6 /* Main.storyboard */ = {
			isa = PBXVariantGroup;
			children = (
				D62373761BC9148A0034EAF6 /* Base */,
			);
			name = Main.storyboard;
			sourceTree = "<group>";
		};
		D623737D1BC9148A0034EAF6 /* LaunchScreen.storyboard */ = {
			isa = PBXVariantGroup;
			children = (
				D623737E1BC9148A0034EAF6 /* Base */,
			);
			name = LaunchScreen.storyboard;
			sourceTree = "<group>";
		};
		D6805F1F1BF4E5420021663D /* Main.storyboard */ = {
			isa = PBXVariantGroup;
			children = (
				D6805F201BF4E5420021663D /* Base */,
			);
			name = Main.storyboard;
			sourceTree = "<group>";
		};
		D69BCD7C1BC1B8C500B4B98C /* Main.storyboard */ = {
			isa = PBXVariantGroup;
			children = (
				D69BCD7D1BC1B8C500B4B98C /* Base */,
			);
			name = Main.storyboard;
			sourceTree = "<group>";
		};
/* End PBXVariantGroup section */

/* Begin XCBuildConfiguration section */
		D62373971BC9148A0034EAF6 /* Debug */ = {
			isa = XCBuildConfiguration;
			buildSettings = {
				ASSETCATALOG_COMPILER_APPICON_NAME = AppIcon;
				CODE_SIGN_IDENTITY = "iPhone Developer";
				"CODE_SIGN_IDENTITY[sdk=iphoneos*]" = "iPhone Developer";
				INFOPLIST_FILE = YoupornVieweriOS/Info.plist;
				IPHONEOS_DEPLOYMENT_TARGET = 9.0;
				LD_RUNPATH_SEARCH_PATHS = "$(inherited) @executable_path/Frameworks";
				PRODUCT_BUNDLE_IDENTIFIER = com.fabriziochimienti.YoupornVieweriOS;
				PRODUCT_NAME = "$(TARGET_NAME)";
				SDKROOT = iphoneos;
				TARGETED_DEVICE_FAMILY = "1,2";
			};
			name = Debug;
		};
		D62373981BC9148A0034EAF6 /* Release */ = {
			isa = XCBuildConfiguration;
			buildSettings = {
				ASSETCATALOG_COMPILER_APPICON_NAME = AppIcon;
				CODE_SIGN_IDENTITY = "iPhone Developer";
				"CODE_SIGN_IDENTITY[sdk=iphoneos*]" = "iPhone Developer";
				INFOPLIST_FILE = YoupornVieweriOS/Info.plist;
				IPHONEOS_DEPLOYMENT_TARGET = 9.0;
				LD_RUNPATH_SEARCH_PATHS = "$(inherited) @executable_path/Frameworks";
				PRODUCT_BUNDLE_IDENTIFIER = com.fabriziochimienti.YoupornVieweriOS;
				PRODUCT_NAME = "$(TARGET_NAME)";
				SDKROOT = iphoneos;
				TARGETED_DEVICE_FAMILY = "1,2";
			};
			name = Release;
		};
		D62373991BC9148A0034EAF6 /* Debug */ = {
			isa = XCBuildConfiguration;
			buildSettings = {
				BUNDLE_LOADER = "$(TEST_HOST)";
				"CODE_SIGN_IDENTITY[sdk=iphoneos*]" = "iPhone Developer";
				INFOPLIST_FILE = YoupornVieweriOSTests/Info.plist;
				IPHONEOS_DEPLOYMENT_TARGET = 9.1;
				LD_RUNPATH_SEARCH_PATHS = "$(inherited) @executable_path/Frameworks @loader_path/Frameworks";
				PRODUCT_BUNDLE_IDENTIFIER = com.fabriziochimienti.YoupornVieweriOSTests;
				PRODUCT_NAME = "$(TARGET_NAME)";
				SDKROOT = iphoneos;
				TEST_HOST = "$(BUILT_PRODUCTS_DIR)/YoupornVieweriOS.app/YoupornVieweriOS";
			};
			name = Debug;
		};
		D623739A1BC9148A0034EAF6 /* Release */ = {
			isa = XCBuildConfiguration;
			buildSettings = {
				BUNDLE_LOADER = "$(TEST_HOST)";
				"CODE_SIGN_IDENTITY[sdk=iphoneos*]" = "iPhone Developer";
				INFOPLIST_FILE = YoupornVieweriOSTests/Info.plist;
				IPHONEOS_DEPLOYMENT_TARGET = 9.1;
				LD_RUNPATH_SEARCH_PATHS = "$(inherited) @executable_path/Frameworks @loader_path/Frameworks";
				PRODUCT_BUNDLE_IDENTIFIER = com.fabriziochimienti.YoupornVieweriOSTests;
				PRODUCT_NAME = "$(TARGET_NAME)";
				SDKROOT = iphoneos;
				TEST_HOST = "$(BUILT_PRODUCTS_DIR)/YoupornVieweriOS.app/YoupornVieweriOS";
			};
			name = Release;
		};
		D623739B1BC9148A0034EAF6 /* Debug */ = {
			isa = XCBuildConfiguration;
			buildSettings = {
				"CODE_SIGN_IDENTITY[sdk=iphoneos*]" = "iPhone Developer";
				INFOPLIST_FILE = YoupornVieweriOSUITests/Info.plist;
				IPHONEOS_DEPLOYMENT_TARGET = 9.1;
				LD_RUNPATH_SEARCH_PATHS = "$(inherited) @executable_path/Frameworks @loader_path/Frameworks";
				PRODUCT_BUNDLE_IDENTIFIER = com.fabriziochimienti.YoupornVieweriOSUITests;
				PRODUCT_NAME = "$(TARGET_NAME)";
				SDKROOT = iphoneos;
				TEST_TARGET_NAME = YoupornVieweriOS;
				USES_XCTRUNNER = YES;
			};
			name = Debug;
		};
		D623739C1BC9148A0034EAF6 /* Release */ = {
			isa = XCBuildConfiguration;
			buildSettings = {
				"CODE_SIGN_IDENTITY[sdk=iphoneos*]" = "iPhone Developer";
				INFOPLIST_FILE = YoupornVieweriOSUITests/Info.plist;
				IPHONEOS_DEPLOYMENT_TARGET = 9.1;
				LD_RUNPATH_SEARCH_PATHS = "$(inherited) @executable_path/Frameworks @loader_path/Frameworks";
				PRODUCT_BUNDLE_IDENTIFIER = com.fabriziochimienti.YoupornVieweriOSUITests;
				PRODUCT_NAME = "$(TARGET_NAME)";
				SDKROOT = iphoneos;
				TEST_TARGET_NAME = YoupornVieweriOS;
				USES_XCTRUNNER = YES;
			};
			name = Release;
		};
		D6805F231BF4E5420021663D /* Debug */ = {
			isa = XCBuildConfiguration;
			buildSettings = {
				ASSETCATALOG_COMPILER_APPICON_NAME = AppIcon;
				CODE_SIGN_IDENTITY = "-";
				COMBINE_HIDPI_IMAGES = YES;
				INFOPLIST_FILE = YoupornViewerOSX/Info.plist;
				LD_RUNPATH_SEARCH_PATHS = "$(inherited) @executable_path/../Frameworks";
				MACOSX_DEPLOYMENT_TARGET = 10.11;
				PRODUCT_BUNDLE_IDENTIFIER = com.fabriziochimienti.YoupornViewerOSX;
				PRODUCT_NAME = "$(TARGET_NAME)";
				SDKROOT = macosx;
			};
			name = Debug;
		};
		D6805F241BF4E5420021663D /* Release */ = {
			isa = XCBuildConfiguration;
			buildSettings = {
				ASSETCATALOG_COMPILER_APPICON_NAME = AppIcon;
				CODE_SIGN_IDENTITY = "-";
				COMBINE_HIDPI_IMAGES = YES;
				INFOPLIST_FILE = YoupornViewerOSX/Info.plist;
				LD_RUNPATH_SEARCH_PATHS = "$(inherited) @executable_path/../Frameworks";
				MACOSX_DEPLOYMENT_TARGET = 10.11;
				PRODUCT_BUNDLE_IDENTIFIER = com.fabriziochimienti.YoupornViewerOSX;
				PRODUCT_NAME = "$(TARGET_NAME)";
				SDKROOT = macosx;
			};
			name = Release;
		};
		D69BCD981BC1B8C600B4B98C /* Debug */ = {
			isa = XCBuildConfiguration;
			buildSettings = {
				ALWAYS_SEARCH_USER_PATHS = NO;
				CLANG_CXX_LANGUAGE_STANDARD = "gnu++0x";
				CLANG_CXX_LIBRARY = "libc++";
				CLANG_ENABLE_MODULES = YES;
				CLANG_ENABLE_OBJC_ARC = YES;
				CLANG_WARN_BLOCK_CAPTURE_AUTORELEASING = YES;
				CLANG_WARN_BOOL_CONVERSION = YES;
				CLANG_WARN_COMMA = YES;
				CLANG_WARN_CONSTANT_CONVERSION = YES;
				CLANG_WARN_DIRECT_OBJC_ISA_USAGE = YES_ERROR;
				CLANG_WARN_EMPTY_BODY = YES;
				CLANG_WARN_ENUM_CONVERSION = YES;
				CLANG_WARN_INFINITE_RECURSION = YES;
				CLANG_WARN_INT_CONVERSION = YES;
				CLANG_WARN_NON_LITERAL_NULL_CONVERSION = YES;
				CLANG_WARN_OBJC_LITERAL_CONVERSION = YES;
				CLANG_WARN_OBJC_ROOT_CLASS = YES_ERROR;
				CLANG_WARN_RANGE_LOOP_ANALYSIS = YES;
				CLANG_WARN_STRICT_PROTOTYPES = YES;
				CLANG_WARN_SUSPICIOUS_MOVE = YES;
				CLANG_WARN_UNREACHABLE_CODE = YES;
				CLANG_WARN__DUPLICATE_METHOD_MATCH = YES;
				COPY_PHASE_STRIP = NO;
				DEBUG_INFORMATION_FORMAT = dwarf;
				ENABLE_STRICT_OBJC_MSGSEND = YES;
				ENABLE_TESTABILITY = YES;
				GCC_C_LANGUAGE_STANDARD = gnu99;
				GCC_DYNAMIC_NO_PIC = NO;
				GCC_NO_COMMON_BLOCKS = YES;
				GCC_OPTIMIZATION_LEVEL = 0;
				GCC_PREPROCESSOR_DEFINITIONS = (
					"DEBUG=1",
					"$(inherited)",
				);
				GCC_WARN_64_TO_32_BIT_CONVERSION = YES;
				GCC_WARN_ABOUT_RETURN_TYPE = YES_ERROR;
				GCC_WARN_UNDECLARED_SELECTOR = YES;
				GCC_WARN_UNINITIALIZED_AUTOS = YES_AGGRESSIVE;
				GCC_WARN_UNUSED_FUNCTION = YES;
				GCC_WARN_UNUSED_VARIABLE = YES;
				MTL_ENABLE_DEBUG_INFO = YES;
				ONLY_ACTIVE_ARCH = YES;
				SDKROOT = appletvos;
				SWIFT_OPTIMIZATION_LEVEL = "-Onone";
				TARGETED_DEVICE_FAMILY = 3;
				TVOS_DEPLOYMENT_TARGET = 9.0;
			};
			name = Debug;
		};
		D69BCD991BC1B8C600B4B98C /* Release */ = {
			isa = XCBuildConfiguration;
			buildSettings = {
				ALWAYS_SEARCH_USER_PATHS = NO;
				CLANG_CXX_LANGUAGE_STANDARD = "gnu++0x";
				CLANG_CXX_LIBRARY = "libc++";
				CLANG_ENABLE_MODULES = YES;
				CLANG_ENABLE_OBJC_ARC = YES;
				CLANG_WARN_BLOCK_CAPTURE_AUTORELEASING = YES;
				CLANG_WARN_BOOL_CONVERSION = YES;
				CLANG_WARN_COMMA = YES;
				CLANG_WARN_CONSTANT_CONVERSION = YES;
				CLANG_WARN_DIRECT_OBJC_ISA_USAGE = YES_ERROR;
				CLANG_WARN_EMPTY_BODY = YES;
				CLANG_WARN_ENUM_CONVERSION = YES;
				CLANG_WARN_INFINITE_RECURSION = YES;
				CLANG_WARN_INT_CONVERSION = YES;
				CLANG_WARN_NON_LITERAL_NULL_CONVERSION = YES;
				CLANG_WARN_OBJC_LITERAL_CONVERSION = YES;
				CLANG_WARN_OBJC_ROOT_CLASS = YES_ERROR;
				CLANG_WARN_RANGE_LOOP_ANALYSIS = YES;
				CLANG_WARN_STRICT_PROTOTYPES = YES;
				CLANG_WARN_SUSPICIOUS_MOVE = YES;
				CLANG_WARN_UNREACHABLE_CODE = YES;
				CLANG_WARN__DUPLICATE_METHOD_MATCH = YES;
				COPY_PHASE_STRIP = NO;
				DEBUG_INFORMATION_FORMAT = "dwarf-with-dsym";
				ENABLE_NS_ASSERTIONS = NO;
				ENABLE_STRICT_OBJC_MSGSEND = YES;
				GCC_C_LANGUAGE_STANDARD = gnu99;
				GCC_NO_COMMON_BLOCKS = YES;
				GCC_WARN_64_TO_32_BIT_CONVERSION = YES;
				GCC_WARN_ABOUT_RETURN_TYPE = YES_ERROR;
				GCC_WARN_UNDECLARED_SELECTOR = YES;
				GCC_WARN_UNINITIALIZED_AUTOS = YES_AGGRESSIVE;
				GCC_WARN_UNUSED_FUNCTION = YES;
				GCC_WARN_UNUSED_VARIABLE = YES;
				MTL_ENABLE_DEBUG_INFO = NO;
				SDKROOT = appletvos;
				SWIFT_OPTIMIZATION_LEVEL = "-Owholemodule";
				TARGETED_DEVICE_FAMILY = 3;
				TVOS_DEPLOYMENT_TARGET = 9.0;
				VALIDATE_PRODUCT = YES;
			};
			name = Release;
		};
		D69BCD9B1BC1B8C600B4B98C /* Debug */ = {
			isa = XCBuildConfiguration;
			buildSettings = {
				ASSETCATALOG_COMPILER_APPICON_NAME = "App Icon & Top Shelf Image";
				ASSETCATALOG_COMPILER_LAUNCHIMAGE_NAME = LaunchImage;
				CODE_SIGN_IDENTITY = "iPhone Developer";
				"CODE_SIGN_IDENTITY[sdk=appletvos*]" = "iPhone Developer";
				INFOPLIST_FILE = YoupornViewer/Info.plist;
				LD_RUNPATH_SEARCH_PATHS = "$(inherited) @executable_path/Frameworks";
				PRODUCT_BUNDLE_IDENTIFIER = com.fabriziochimienti.YoupornViewer;
				PRODUCT_NAME = "$(TARGET_NAME)";
				PROVISIONING_PROFILE = "";
				SWIFT_SWIFT3_OBJC_INFERENCE = Default;
				SWIFT_VERSION = 4.0;
			};
			name = Debug;
		};
		D69BCD9C1BC1B8C600B4B98C /* Release */ = {
			isa = XCBuildConfiguration;
			buildSettings = {
				ASSETCATALOG_COMPILER_APPICON_NAME = "App Icon & Top Shelf Image";
				ASSETCATALOG_COMPILER_LAUNCHIMAGE_NAME = LaunchImage;
				CODE_SIGN_IDENTITY = "iPhone Developer";
				"CODE_SIGN_IDENTITY[sdk=appletvos*]" = "iPhone Developer";
				INFOPLIST_FILE = YoupornViewer/Info.plist;
				LD_RUNPATH_SEARCH_PATHS = "$(inherited) @executable_path/Frameworks";
				PRODUCT_BUNDLE_IDENTIFIER = com.fabriziochimienti.YoupornViewer;
				PRODUCT_NAME = "$(TARGET_NAME)";
				PROVISIONING_PROFILE = "";
				SWIFT_SWIFT3_OBJC_INFERENCE = Default;
				SWIFT_VERSION = 4.0;
			};
			name = Release;
		};
		D69BCD9E1BC1B8C600B4B98C /* Debug */ = {
			isa = XCBuildConfiguration;
			buildSettings = {
				BUNDLE_LOADER = "$(TEST_HOST)";
				INFOPLIST_FILE = YoupornViewerTests/Info.plist;
				LD_RUNPATH_SEARCH_PATHS = "$(inherited) @executable_path/Frameworks @loader_path/Frameworks";
				PRODUCT_BUNDLE_IDENTIFIER = com.fabriziochimienti.YoupornViewerTests;
				PRODUCT_NAME = "$(TARGET_NAME)";
				SWIFT_SWIFT3_OBJC_INFERENCE = On;
				SWIFT_VERSION = 4.0;
				TEST_HOST = "$(BUILT_PRODUCTS_DIR)/YoupornViewer.app/YoupornViewer";
			};
			name = Debug;
		};
		D69BCD9F1BC1B8C600B4B98C /* Release */ = {
			isa = XCBuildConfiguration;
			buildSettings = {
				BUNDLE_LOADER = "$(TEST_HOST)";
				INFOPLIST_FILE = YoupornViewerTests/Info.plist;
				LD_RUNPATH_SEARCH_PATHS = "$(inherited) @executable_path/Frameworks @loader_path/Frameworks";
				PRODUCT_BUNDLE_IDENTIFIER = com.fabriziochimienti.YoupornViewerTests;
				PRODUCT_NAME = "$(TARGET_NAME)";
				SWIFT_SWIFT3_OBJC_INFERENCE = On;
				SWIFT_VERSION = 4.0;
				TEST_HOST = "$(BUILT_PRODUCTS_DIR)/YoupornViewer.app/YoupornViewer";
			};
			name = Release;
		};
		D69BCDA11BC1B8C600B4B98C /* Debug */ = {
			isa = XCBuildConfiguration;
			buildSettings = {
				INFOPLIST_FILE = YoupornViewerUITests/Info.plist;
				LD_RUNPATH_SEARCH_PATHS = "$(inherited) @executable_path/Frameworks @loader_path/Frameworks";
				PRODUCT_BUNDLE_IDENTIFIER = com.fabriziochimienti.YoupornViewerUITests;
				PRODUCT_NAME = "$(TARGET_NAME)";
				SWIFT_SWIFT3_OBJC_INFERENCE = On;
				SWIFT_VERSION = 4.0;
				TEST_TARGET_NAME = YoupornViewer;
				USES_XCTRUNNER = YES;
			};
			name = Debug;
		};
		D69BCDA21BC1B8C600B4B98C /* Release */ = {
			isa = XCBuildConfiguration;
			buildSettings = {
				INFOPLIST_FILE = YoupornViewerUITests/Info.plist;
				LD_RUNPATH_SEARCH_PATHS = "$(inherited) @executable_path/Frameworks @loader_path/Frameworks";
				PRODUCT_BUNDLE_IDENTIFIER = com.fabriziochimienti.YoupornViewerUITests;
				PRODUCT_NAME = "$(TARGET_NAME)";
				SWIFT_SWIFT3_OBJC_INFERENCE = On;
				SWIFT_VERSION = 4.0;
				TEST_TARGET_NAME = YoupornViewer;
				USES_XCTRUNNER = YES;
			};
			name = Release;
		};
/* End XCBuildConfiguration section */

/* Begin XCConfigurationList section */
		D623739D1BC9148A0034EAF6 /* Build configuration list for PBXNativeTarget "YoupornVieweriOS" */ = {
			isa = XCConfigurationList;
			buildConfigurations = (
				D62373971BC9148A0034EAF6 /* Debug */,
				D62373981BC9148A0034EAF6 /* Release */,
			);
			defaultConfigurationIsVisible = 0;
			defaultConfigurationName = Release;
		};
		D623739E1BC9148A0034EAF6 /* Build configuration list for PBXNativeTarget "YoupornVieweriOSTests" */ = {
			isa = XCConfigurationList;
			buildConfigurations = (
				D62373991BC9148A0034EAF6 /* Debug */,
				D623739A1BC9148A0034EAF6 /* Release */,
			);
			defaultConfigurationIsVisible = 0;
			defaultConfigurationName = Release;
		};
		D623739F1BC9148A0034EAF6 /* Build configuration list for PBXNativeTarget "YoupornVieweriOSUITests" */ = {
			isa = XCConfigurationList;
			buildConfigurations = (
				D623739B1BC9148A0034EAF6 /* Debug */,
				D623739C1BC9148A0034EAF6 /* Release */,
			);
			defaultConfigurationIsVisible = 0;
			defaultConfigurationName = Release;
		};
		D6805F251BF4E5420021663D /* Build configuration list for PBXNativeTarget "YoupornViewerOSX" */ = {
			isa = XCConfigurationList;
			buildConfigurations = (
				D6805F231BF4E5420021663D /* Debug */,
				D6805F241BF4E5420021663D /* Release */,
			);
			defaultConfigurationIsVisible = 0;
			defaultConfigurationName = Release;
		};
		D69BCD6D1BC1B8C500B4B98C /* Build configuration list for PBXProject "YoupornViewer" */ = {
			isa = XCConfigurationList;
			buildConfigurations = (
				D69BCD981BC1B8C600B4B98C /* Debug */,
				D69BCD991BC1B8C600B4B98C /* Release */,
			);
			defaultConfigurationIsVisible = 0;
			defaultConfigurationName = Release;
		};
		D69BCD9A1BC1B8C600B4B98C /* Build configuration list for PBXNativeTarget "YoupornViewer" */ = {
			isa = XCConfigurationList;
			buildConfigurations = (
				D69BCD9B1BC1B8C600B4B98C /* Debug */,
				D69BCD9C1BC1B8C600B4B98C /* Release */,
			);
			defaultConfigurationIsVisible = 0;
			defaultConfigurationName = Release;
		};
		D69BCD9D1BC1B8C600B4B98C /* Build configuration list for PBXNativeTarget "YoupornViewerTests" */ = {
			isa = XCConfigurationList;
			buildConfigurations = (
				D69BCD9E1BC1B8C600B4B98C /* Debug */,
				D69BCD9F1BC1B8C600B4B98C /* Release */,
			);
			defaultConfigurationIsVisible = 0;
			defaultConfigurationName = Release;
		};
		D69BCDA01BC1B8C600B4B98C /* Build configuration list for PBXNativeTarget "YoupornViewerUITests" */ = {
			isa = XCConfigurationList;
			buildConfigurations = (
				D69BCDA11BC1B8C600B4B98C /* Debug */,
				D69BCDA21BC1B8C600B4B98C /* Release */,
			);
			defaultConfigurationIsVisible = 0;
			defaultConfigurationName = Release;
		};
/* End XCConfigurationList section */

/* Begin XCVersionGroup section */
		D62373781BC9148A0034EAF6 /* YoupornVieweriOS.xcdatamodeld */ = {
			isa = XCVersionGroup;
			children = (
				D62373791BC9148A0034EAF6 /* YoupornVieweriOS.xcdatamodel */,
			);
			currentVersion = D62373791BC9148A0034EAF6 /* YoupornVieweriOS.xcdatamodel */;
			path = YoupornVieweriOS.xcdatamodeld;
			sourceTree = "<group>";
			versionGroupType = wrapper.xcdatamodel;
		};
		D69BCD791BC1B8C500B4B98C /* YoupornViewer.xcdatamodeld */ = {
			isa = XCVersionGroup;
			children = (
				D69BCD7A1BC1B8C500B4B98C /* YoupornViewer.xcdatamodel */,
			);
			currentVersion = D69BCD7A1BC1B8C500B4B98C /* YoupornViewer.xcdatamodel */;
			path = YoupornViewer.xcdatamodeld;
			sourceTree = "<group>";
			versionGroupType = wrapper.xcdatamodel;
		};
/* End XCVersionGroup section */
	};
	rootObject = D69BCD6A1BC1B8C500B4B98C /* Project object */;
}
